// !$*UTF8*$!
{
	archiveVersion = 1;
	classes = {
	};
	objectVersion = 56;
	objects = {

/* Begin PBXBuildFile section */
		AC0C8DDA28EF79DE003662D0 /* ShoeDetailsTitlePriceView.swift in Sources */ = {isa = PBXBuildFile; fileRef = AC0C8DD928EF79DE003662D0 /* ShoeDetailsTitlePriceView.swift */; };
		AC0C8DDC28EF7DF4003662D0 /* ShoeDetailsStarsView.swift in Sources */ = {isa = PBXBuildFile; fileRef = AC0C8DDB28EF7DF4003662D0 /* ShoeDetailsStarsView.swift */; };
		AC0C8DDE28EF8B27003662D0 /* ShoeDetailsSizeView.swift in Sources */ = {isa = PBXBuildFile; fileRef = AC0C8DDD28EF8B27003662D0 /* ShoeDetailsSizeView.swift */; };
		AC21FC5328F6BF0A002B4A30 /* Category.swift in Sources */ = {isa = PBXBuildFile; fileRef = AC21FC5228F6BF0A002B4A30 /* Category.swift */; };
		AC44130028EB907800DCBE2E /* ScrollViewProxy in Frameworks */ = {isa = PBXBuildFile; productRef = AC4412FF28EB907800DCBE2E /* ScrollViewProxy */; };
		AC441EE728F53F430050C57F /* ColorKit in Frameworks */ = {isa = PBXBuildFile; productRef = AC441EE628F53F430050C57F /* ColorKit */; };
		AC4C991928EE42340078001F /* ShoeDetailsPhotosView.swift in Sources */ = {isa = PBXBuildFile; fileRef = AC4C991828EE42340078001F /* ShoeDetailsPhotosView.swift */; };
		AC4C991B28EE53EA0078001F /* ShoeDetailsPhotoIndicatorView.swift in Sources */ = {isa = PBXBuildFile; fileRef = AC4C991A28EE53EA0078001F /* ShoeDetailsPhotoIndicatorView.swift */; };
		AC514C2328F3E4B0001DA372 /* CatalogBackground.swift in Sources */ = {isa = PBXBuildFile; fileRef = AC514C2228F3E4B0001DA372 /* CatalogBackground.swift */; };
		AC669C0728F2A2600039B542 /* Product.swift in Sources */ = {isa = PBXBuildFile; fileRef = AC669C0628F2A2600039B542 /* Product.swift */; };
		AC669C0A28F2A4900039B542 /* Color+Extension.swift in Sources */ = {isa = PBXBuildFile; fileRef = AC669C0928F2A4900039B542 /* Color+Extension.swift */; };
		ACB838B728EC9AA300C01673 /* CatalogCategoriesView.swift in Sources */ = {isa = PBXBuildFile; fileRef = ACB838B628EC9AA300C01673 /* CatalogCategoriesView.swift */; };
		ACB838BA28ECA6AB00C01673 /* CornerRadius.swift in Sources */ = {isa = PBXBuildFile; fileRef = ACB838B928ECA6AB00C01673 /* CornerRadius.swift */; };
		ACB838BE28ECA75000C01673 /* CatalogAddButton.swift in Sources */ = {isa = PBXBuildFile; fileRef = ACB838BD28ECA75000C01673 /* CatalogAddButton.swift */; };
		ACB838C128ECBD9F00C01673 /* ShoeDetailsView.swift in Sources */ = {isa = PBXBuildFile; fileRef = ACB838C028ECBD9F00C01673 /* ShoeDetailsView.swift */; };
		ACB838C528ECD40600C01673 /* ShoeDetailsNavigationView.swift in Sources */ = {isa = PBXBuildFile; fileRef = ACB838C428ECD40600C01673 /* ShoeDetailsNavigationView.swift */; };
		ACE23AF028E64A46009D9E08 /* CatalogView.swift in Sources */ = {isa = PBXBuildFile; fileRef = ACE23AEF28E64A46009D9E08 /* CatalogView.swift */; };
		ACE23AF428E65DE2009D9E08 /* CatalogNavigationView.swift in Sources */ = {isa = PBXBuildFile; fileRef = ACE23AF328E65DE2009D9E08 /* CatalogNavigationView.swift */; };
		ACE23AF628E66B8D009D9E08 /* CatalogItemView.swift in Sources */ = {isa = PBXBuildFile; fileRef = ACE23AF528E66B8D009D9E08 /* CatalogItemView.swift */; };
		ACE23AF828E66FC1009D9E08 /* CatalogScrollView.swift in Sources */ = {isa = PBXBuildFile; fileRef = ACE23AF728E66FC0009D9E08 /* CatalogScrollView.swift */; };
		ACF8509428E604D50053BE2F /* ShoesMarketApp.swift in Sources */ = {isa = PBXBuildFile; fileRef = ACF8509328E604D50053BE2F /* ShoesMarketApp.swift */; };
		ACF8509628E604D50053BE2F /* SMTabBar.swift in Sources */ = {isa = PBXBuildFile; fileRef = ACF8509528E604D50053BE2F /* SMTabBar.swift */; };
		ACF8509828E604D60053BE2F /* Assets.xcassets in Resources */ = {isa = PBXBuildFile; fileRef = ACF8509728E604D60053BE2F /* Assets.xcassets */; };
		ACF8509C28E604D60053BE2F /* Preview Assets.xcassets in Resources */ = {isa = PBXBuildFile; fileRef = ACF8509B28E604D60053BE2F /* Preview Assets.xcassets */; };
		ACF850A828E60C8E0053BE2F /* SMTabBarItem.swift in Sources */ = {isa = PBXBuildFile; fileRef = ACF850A728E60C8E0053BE2F /* SMTabBarItem.swift */; };
		ACFD55CA28EF97C90083DF3F /* ShoeDetailsColorsView.swift in Sources */ = {isa = PBXBuildFile; fileRef = ACFD55C928EF97C90083DF3F /* ShoeDetailsColorsView.swift */; };
		ACFD55CC28EF9E500083DF3F /* ShoeDetailsBuyButton.swift in Sources */ = {isa = PBXBuildFile; fileRef = ACFD55CB28EF9E500083DF3F /* ShoeDetailsBuyButton.swift */; };
/* End PBXBuildFile section */

/* Begin PBXFileReference section */
		AC0C8DD928EF79DE003662D0 /* ShoeDetailsTitlePriceView.swift */ = {isa = PBXFileReference; lastKnownFileType = sourcecode.swift; path = ShoeDetailsTitlePriceView.swift; sourceTree = "<group>"; };
		AC0C8DDB28EF7DF4003662D0 /* ShoeDetailsStarsView.swift */ = {isa = PBXFileReference; lastKnownFileType = sourcecode.swift; path = ShoeDetailsStarsView.swift; sourceTree = "<group>"; };
		AC0C8DDD28EF8B27003662D0 /* ShoeDetailsSizeView.swift */ = {isa = PBXFileReference; lastKnownFileType = sourcecode.swift; path = ShoeDetailsSizeView.swift; sourceTree = "<group>"; };
		AC21FC5228F6BF0A002B4A30 /* Category.swift */ = {isa = PBXFileReference; lastKnownFileType = sourcecode.swift; path = Category.swift; sourceTree = "<group>"; };
		AC4C991828EE42340078001F /* ShoeDetailsPhotosView.swift */ = {isa = PBXFileReference; lastKnownFileType = sourcecode.swift; path = ShoeDetailsPhotosView.swift; sourceTree = "<group>"; };
		AC4C991A28EE53EA0078001F /* ShoeDetailsPhotoIndicatorView.swift */ = {isa = PBXFileReference; lastKnownFileType = sourcecode.swift; path = ShoeDetailsPhotoIndicatorView.swift; sourceTree = "<group>"; };
		AC514C2228F3E4B0001DA372 /* CatalogBackground.swift */ = {isa = PBXFileReference; lastKnownFileType = sourcecode.swift; path = CatalogBackground.swift; sourceTree = "<group>"; };
		AC669C0628F2A2600039B542 /* Product.swift */ = {isa = PBXFileReference; lastKnownFileType = sourcecode.swift; path = Product.swift; sourceTree = "<group>"; };
		AC669C0928F2A4900039B542 /* Color+Extension.swift */ = {isa = PBXFileReference; lastKnownFileType = sourcecode.swift; path = "Color+Extension.swift"; sourceTree = "<group>"; };
		ACB838B628EC9AA300C01673 /* CatalogCategoriesView.swift */ = {isa = PBXFileReference; lastKnownFileType = sourcecode.swift; path = CatalogCategoriesView.swift; sourceTree = "<group>"; };
		ACB838B928ECA6AB00C01673 /* CornerRadius.swift */ = {isa = PBXFileReference; lastKnownFileType = sourcecode.swift; path = CornerRadius.swift; sourceTree = "<group>"; };
		ACB838BD28ECA75000C01673 /* CatalogAddButton.swift */ = {isa = PBXFileReference; lastKnownFileType = sourcecode.swift; path = CatalogAddButton.swift; sourceTree = "<group>"; };
		ACB838C028ECBD9F00C01673 /* ShoeDetailsView.swift */ = {isa = PBXFileReference; lastKnownFileType = sourcecode.swift; path = ShoeDetailsView.swift; sourceTree = "<group>"; };
		ACB838C428ECD40600C01673 /* ShoeDetailsNavigationView.swift */ = {isa = PBXFileReference; lastKnownFileType = sourcecode.swift; path = ShoeDetailsNavigationView.swift; sourceTree = "<group>"; };
		ACE23AEF28E64A46009D9E08 /* CatalogView.swift */ = {isa = PBXFileReference; lastKnownFileType = sourcecode.swift; path = CatalogView.swift; sourceTree = "<group>"; };
		ACE23AF328E65DE2009D9E08 /* CatalogNavigationView.swift */ = {isa = PBXFileReference; lastKnownFileType = sourcecode.swift; path = CatalogNavigationView.swift; sourceTree = "<group>"; };
		ACE23AF528E66B8D009D9E08 /* CatalogItemView.swift */ = {isa = PBXFileReference; lastKnownFileType = sourcecode.swift; path = CatalogItemView.swift; sourceTree = "<group>"; };
		ACE23AF728E66FC0009D9E08 /* CatalogScrollView.swift */ = {isa = PBXFileReference; lastKnownFileType = sourcecode.swift; path = CatalogScrollView.swift; sourceTree = "<group>"; };
		ACF8509028E604D50053BE2F /* ShoesMarket.app */ = {isa = PBXFileReference; explicitFileType = wrapper.application; includeInIndex = 0; path = ShoesMarket.app; sourceTree = BUILT_PRODUCTS_DIR; };
		ACF8509328E604D50053BE2F /* ShoesMarketApp.swift */ = {isa = PBXFileReference; lastKnownFileType = sourcecode.swift; path = ShoesMarketApp.swift; sourceTree = "<group>"; };
		ACF8509528E604D50053BE2F /* SMTabBar.swift */ = {isa = PBXFileReference; lastKnownFileType = sourcecode.swift; path = SMTabBar.swift; sourceTree = "<group>"; };
		ACF8509728E604D60053BE2F /* Assets.xcassets */ = {isa = PBXFileReference; lastKnownFileType = folder.assetcatalog; path = Assets.xcassets; sourceTree = "<group>"; };
		ACF8509928E604D60053BE2F /* ShoesMarket.entitlements */ = {isa = PBXFileReference; lastKnownFileType = text.plist.entitlements; path = ShoesMarket.entitlements; sourceTree = "<group>"; };
		ACF8509B28E604D60053BE2F /* Preview Assets.xcassets */ = {isa = PBXFileReference; lastKnownFileType = folder.assetcatalog; path = "Preview Assets.xcassets"; sourceTree = "<group>"; };
		ACF850A728E60C8E0053BE2F /* SMTabBarItem.swift */ = {isa = PBXFileReference; lastKnownFileType = sourcecode.swift; path = SMTabBarItem.swift; sourceTree = "<group>"; };
		ACFD55C928EF97C90083DF3F /* ShoeDetailsColorsView.swift */ = {isa = PBXFileReference; lastKnownFileType = sourcecode.swift; path = ShoeDetailsColorsView.swift; sourceTree = "<group>"; };
		ACFD55CB28EF9E500083DF3F /* ShoeDetailsBuyButton.swift */ = {isa = PBXFileReference; lastKnownFileType = sourcecode.swift; path = ShoeDetailsBuyButton.swift; sourceTree = "<group>"; };
/* End PBXFileReference section */

/* Begin PBXFrameworksBuildPhase section */
		ACF8508D28E604D50053BE2F /* Frameworks */ = {
			isa = PBXFrameworksBuildPhase;
			buildActionMask = 2147483647;
			files = (
				AC44130028EB907800DCBE2E /* ScrollViewProxy in Frameworks */,
				AC441EE728F53F430050C57F /* ColorKit in Frameworks */,
			);
			runOnlyForDeploymentPostprocessing = 0;
		};
/* End PBXFrameworksBuildPhase section */

/* Begin PBXGroup section */
		AC59074028EB6BF8004E6AEF /* Library */ = {
			isa = PBXGroup;
			children = (
				AC59074128EB6C08004E6AEF /* SMTabBar */,
			);
			path = Library;
			sourceTree = "<group>";
		};
		AC59074128EB6C08004E6AEF /* SMTabBar */ = {
			isa = PBXGroup;
			children = (
				ACF8509528E604D50053BE2F /* SMTabBar.swift */,
				ACF850A728E60C8E0053BE2F /* SMTabBarItem.swift */,
			);
			path = SMTabBar;
			sourceTree = "<group>";
		};
		AC669C0528F2A2330039B542 /* Models */ = {
			isa = PBXGroup;
			children = (
				AC669C0628F2A2600039B542 /* Product.swift */,
				AC21FC5228F6BF0A002B4A30 /* Category.swift */,
			);
			path = Models;
			sourceTree = "<group>";
		};
		AC669C0828F2A47F0039B542 /* Extensions */ = {
			isa = PBXGroup;
			children = (
				AC669C0928F2A4900039B542 /* Color+Extension.swift */,
			);
			path = Extensions;
			sourceTree = "<group>";
		};
		ACB838B828ECA68000C01673 /* Modifiers */ = {
			isa = PBXGroup;
			children = (
				ACB838B928ECA6AB00C01673 /* CornerRadius.swift */,
			);
			path = Modifiers;
			sourceTree = "<group>";
		};
		ACB838BF28ECBD8700C01673 /* ShoeDetailsView */ = {
			isa = PBXGroup;
			children = (
				ACB838C028ECBD9F00C01673 /* ShoeDetailsView.swift */,
				ACB838C428ECD40600C01673 /* ShoeDetailsNavigationView.swift */,
				AC4C991828EE42340078001F /* ShoeDetailsPhotosView.swift */,
				AC4C991A28EE53EA0078001F /* ShoeDetailsPhotoIndicatorView.swift */,
				AC0C8DD928EF79DE003662D0 /* ShoeDetailsTitlePriceView.swift */,
				AC0C8DDB28EF7DF4003662D0 /* ShoeDetailsStarsView.swift */,
				AC0C8DDD28EF8B27003662D0 /* ShoeDetailsSizeView.swift */,
				ACFD55C928EF97C90083DF3F /* ShoeDetailsColorsView.swift */,
				ACFD55CB28EF9E500083DF3F /* ShoeDetailsBuyButton.swift */,
			);
			path = ShoeDetailsView;
			sourceTree = "<group>";
		};
		ACE23AF228E65D5B009D9E08 /* CatalogView */ = {
			isa = PBXGroup;
			children = (
				ACE23AEF28E64A46009D9E08 /* CatalogView.swift */,
				AC514C2228F3E4B0001DA372 /* CatalogBackground.swift */,
				ACE23AF328E65DE2009D9E08 /* CatalogNavigationView.swift */,
				ACB838B628EC9AA300C01673 /* CatalogCategoriesView.swift */,
				ACE23AF528E66B8D009D9E08 /* CatalogItemView.swift */,
				ACB838BD28ECA75000C01673 /* CatalogAddButton.swift */,
				ACE23AF728E66FC0009D9E08 /* CatalogScrollView.swift */,
			);
			path = CatalogView;
			sourceTree = "<group>";
		};
		ACF8508728E604D50053BE2F = {
			isa = PBXGroup;
			children = (
				ACF8509228E604D50053BE2F /* ShoesMarket */,
				ACF8509128E604D50053BE2F /* Products */,
			);
			sourceTree = "<group>";
		};
		ACF8509128E604D50053BE2F /* Products */ = {
			isa = PBXGroup;
			children = (
				ACF8509028E604D50053BE2F /* ShoesMarket.app */,
			);
			name = Products;
			sourceTree = "<group>";
		};
		ACF8509228E604D50053BE2F /* ShoesMarket */ = {
			isa = PBXGroup;
			children = (
				AC669C0828F2A47F0039B542 /* Extensions */,
				AC669C0528F2A2330039B542 /* Models */,
				ACF850A328E60BCD0053BE2F /* Views */,
				ACF8509328E604D50053BE2F /* ShoesMarketApp.swift */,
				ACF8509728E604D60053BE2F /* Assets.xcassets */,
				ACF8509928E604D60053BE2F /* ShoesMarket.entitlements */,
				ACF8509A28E604D60053BE2F /* Preview Content */,
			);
			path = ShoesMarket;
			sourceTree = "<group>";
		};
		ACF8509A28E604D60053BE2F /* Preview Content */ = {
			isa = PBXGroup;
			children = (
				ACF8509B28E604D60053BE2F /* Preview Assets.xcassets */,
			);
			path = "Preview Content";
			sourceTree = "<group>";
		};
		ACF850A328E60BCD0053BE2F /* Views */ = {
			isa = PBXGroup;
			children = (
				ACB838B828ECA68000C01673 /* Modifiers */,
				AC59074028EB6BF8004E6AEF /* Library */,
				ACE23AF228E65D5B009D9E08 /* CatalogView */,
				ACB838BF28ECBD8700C01673 /* ShoeDetailsView */,
			);
			path = Views;
			sourceTree = "<group>";
		};
/* End PBXGroup section */

/* Begin PBXNativeTarget section */
		ACF8508F28E604D50053BE2F /* ShoesMarket */ = {
			isa = PBXNativeTarget;
			buildConfigurationList = ACF8509F28E604D60053BE2F /* Build configuration list for PBXNativeTarget "ShoesMarket" */;
			buildPhases = (
				ACF8508C28E604D50053BE2F /* Sources */,
				ACF8508D28E604D50053BE2F /* Frameworks */,
				ACF8508E28E604D50053BE2F /* Resources */,
			);
			buildRules = (
			);
			dependencies = (
			);
			name = ShoesMarket;
			packageProductDependencies = (
				AC4412FF28EB907800DCBE2E /* ScrollViewProxy */,
				AC441EE628F53F430050C57F /* ColorKit */,
			);
			productName = ShoesMarket;
			productReference = ACF8509028E604D50053BE2F /* ShoesMarket.app */;
			productType = "com.apple.product-type.application";
		};
/* End PBXNativeTarget section */

/* Begin PBXProject section */
		ACF8508828E604D50053BE2F /* Project object */ = {
			isa = PBXProject;
			attributes = {
				BuildIndependentTargetsInParallel = 1;
				LastSwiftUpdateCheck = 1400;
				LastUpgradeCheck = 1400;
				TargetAttributes = {
					ACF8508F28E604D50053BE2F = {
						CreatedOnToolsVersion = 14.0.1;
					};
				};
			};
			buildConfigurationList = ACF8508B28E604D50053BE2F /* Build configuration list for PBXProject "ShoesMarket" */;
			compatibilityVersion = "Xcode 14.0";
			developmentRegion = en;
			hasScannedForEncodings = 0;
			knownRegions = (
				en,
				Base,
			);
			mainGroup = ACF8508728E604D50053BE2F;
			packageReferences = (
				AC4412FE28EB907800DCBE2E /* XCRemoteSwiftPackageReference "ScrollViewProxy" */,
				AC441EE528F53F430050C57F /* XCRemoteSwiftPackageReference "ColorKit" */,
			);
			productRefGroup = ACF8509128E604D50053BE2F /* Products */;
			projectDirPath = "";
			projectRoot = "";
			targets = (
				ACF8508F28E604D50053BE2F /* ShoesMarket */,
			);
		};
/* End PBXProject section */

/* Begin PBXResourcesBuildPhase section */
		ACF8508E28E604D50053BE2F /* Resources */ = {
			isa = PBXResourcesBuildPhase;
			buildActionMask = 2147483647;
			files = (
				ACF8509C28E604D60053BE2F /* Preview Assets.xcassets in Resources */,
				ACF8509828E604D60053BE2F /* Assets.xcassets in Resources */,
			);
			runOnlyForDeploymentPostprocessing = 0;
		};
/* End PBXResourcesBuildPhase section */

/* Begin PBXSourcesBuildPhase section */
		ACF8508C28E604D50053BE2F /* Sources */ = {
			isa = PBXSourcesBuildPhase;
			buildActionMask = 2147483647;
			files = (
				ACE23AF828E66FC1009D9E08 /* CatalogScrollView.swift in Sources */,
				AC669C0A28F2A4900039B542 /* Color+Extension.swift in Sources */,
				ACF8509628E604D50053BE2F /* SMTabBar.swift in Sources */,
				AC0C8DDC28EF7DF4003662D0 /* ShoeDetailsStarsView.swift in Sources */,
				ACB838B728EC9AA300C01673 /* CatalogCategoriesView.swift in Sources */,
				ACB838BA28ECA6AB00C01673 /* CornerRadius.swift in Sources */,
				AC0C8DDA28EF79DE003662D0 /* ShoeDetailsTitlePriceView.swift in Sources */,
				ACE23AF628E66B8D009D9E08 /* CatalogItemView.swift in Sources */,
				ACF850A828E60C8E0053BE2F /* SMTabBarItem.swift in Sources */,
				ACE23AF428E65DE2009D9E08 /* CatalogNavigationView.swift in Sources */,
				ACB838C128ECBD9F00C01673 /* ShoeDetailsView.swift in Sources */,
				ACB838BE28ECA75000C01673 /* CatalogAddButton.swift in Sources */,
				AC4C991928EE42340078001F /* ShoeDetailsPhotosView.swift in Sources */,
				ACFD55CA28EF97C90083DF3F /* ShoeDetailsColorsView.swift in Sources */,
				AC21FC5328F6BF0A002B4A30 /* Category.swift in Sources */,
				ACFD55CC28EF9E500083DF3F /* ShoeDetailsBuyButton.swift in Sources */,
				AC0C8DDE28EF8B27003662D0 /* ShoeDetailsSizeView.swift in Sources */,
				ACE23AF028E64A46009D9E08 /* CatalogView.swift in Sources */,
				AC4C991B28EE53EA0078001F /* ShoeDetailsPhotoIndicatorView.swift in Sources */,
				AC669C0728F2A2600039B542 /* Product.swift in Sources */,
				ACB838C528ECD40600C01673 /* ShoeDetailsNavigationView.swift in Sources */,
				ACF8509428E604D50053BE2F /* ShoesMarketApp.swift in Sources */,
				AC514C2328F3E4B0001DA372 /* CatalogBackground.swift in Sources */,
			);
			runOnlyForDeploymentPostprocessing = 0;
		};
/* End PBXSourcesBuildPhase section */

/* Begin XCBuildConfiguration section */
		ACF8509D28E604D60053BE2F /* Debug */ = {
			isa = XCBuildConfiguration;
			buildSettings = {
				ALWAYS_SEARCH_USER_PATHS = NO;
				CLANG_ANALYZER_NONNULL = YES;
				CLANG_ANALYZER_NUMBER_OBJECT_CONVERSION = YES_AGGRESSIVE;
				CLANG_CXX_LANGUAGE_STANDARD = "gnu++20";
				CLANG_ENABLE_MODULES = YES;
				CLANG_ENABLE_OBJC_ARC = YES;
				CLANG_ENABLE_OBJC_WEAK = YES;
				CLANG_WARN_BLOCK_CAPTURE_AUTORELEASING = YES;
				CLANG_WARN_BOOL_CONVERSION = YES;
				CLANG_WARN_COMMA = YES;
				CLANG_WARN_CONSTANT_CONVERSION = YES;
				CLANG_WARN_DEPRECATED_OBJC_IMPLEMENTATIONS = YES;
				CLANG_WARN_DIRECT_OBJC_ISA_USAGE = YES_ERROR;
				CLANG_WARN_DOCUMENTATION_COMMENTS = YES;
				CLANG_WARN_EMPTY_BODY = YES;
				CLANG_WARN_ENUM_CONVERSION = YES;
				CLANG_WARN_INFINITE_RECURSION = YES;
				CLANG_WARN_INT_CONVERSION = YES;
				CLANG_WARN_NON_LITERAL_NULL_CONVERSION = YES;
				CLANG_WARN_OBJC_IMPLICIT_RETAIN_SELF = YES;
				CLANG_WARN_OBJC_LITERAL_CONVERSION = YES;
				CLANG_WARN_OBJC_ROOT_CLASS = YES_ERROR;
				CLANG_WARN_QUOTED_INCLUDE_IN_FRAMEWORK_HEADER = YES;
				CLANG_WARN_RANGE_LOOP_ANALYSIS = YES;
				CLANG_WARN_STRICT_PROTOTYPES = YES;
				CLANG_WARN_SUSPICIOUS_MOVE = YES;
				CLANG_WARN_UNGUARDED_AVAILABILITY = YES_AGGRESSIVE;
				CLANG_WARN_UNREACHABLE_CODE = YES;
				CLANG_WARN__DUPLICATE_METHOD_MATCH = YES;
				COPY_PHASE_STRIP = NO;
				DEBUG_INFORMATION_FORMAT = dwarf;
				ENABLE_STRICT_OBJC_MSGSEND = YES;
				ENABLE_TESTABILITY = YES;
				GCC_C_LANGUAGE_STANDARD = gnu11;
				GCC_DYNAMIC_NO_PIC = NO;
				GCC_NO_COMMON_BLOCKS = YES;
				GCC_OPTIMIZATION_LEVEL = 0;
				GCC_PREPROCESSOR_DEFINITIONS = (
					"DEBUG=1",
					"$(inherited)",
				);
				GCC_WARN_64_TO_32_BIT_CONVERSION = YES;
				GCC_WARN_ABOUT_RETURN_TYPE = YES_ERROR;
				GCC_WARN_UNDECLARED_SELECTOR = YES;
				GCC_WARN_UNINITIALIZED_AUTOS = YES_AGGRESSIVE;
				GCC_WARN_UNUSED_FUNCTION = YES;
				GCC_WARN_UNUSED_VARIABLE = YES;
				MTL_ENABLE_DEBUG_INFO = INCLUDE_SOURCE;
				MTL_FAST_MATH = YES;
				ONLY_ACTIVE_ARCH = YES;
				SWIFT_ACTIVE_COMPILATION_CONDITIONS = DEBUG;
				SWIFT_OPTIMIZATION_LEVEL = "-Onone";
			};
			name = Debug;
		};
		ACF8509E28E604D60053BE2F /* Release */ = {
			isa = XCBuildConfiguration;
			buildSettings = {
				ALWAYS_SEARCH_USER_PATHS = NO;
				CLANG_ANALYZER_NONNULL = YES;
				CLANG_ANALYZER_NUMBER_OBJECT_CONVERSION = YES_AGGRESSIVE;
				CLANG_CXX_LANGUAGE_STANDARD = "gnu++20";
				CLANG_ENABLE_MODULES = YES;
				CLANG_ENABLE_OBJC_ARC = YES;
				CLANG_ENABLE_OBJC_WEAK = YES;
				CLANG_WARN_BLOCK_CAPTURE_AUTORELEASING = YES;
				CLANG_WARN_BOOL_CONVERSION = YES;
				CLANG_WARN_COMMA = YES;
				CLANG_WARN_CONSTANT_CONVERSION = YES;
				CLANG_WARN_DEPRECATED_OBJC_IMPLEMENTATIONS = YES;
				CLANG_WARN_DIRECT_OBJC_ISA_USAGE = YES_ERROR;
				CLANG_WARN_DOCUMENTATION_COMMENTS = YES;
				CLANG_WARN_EMPTY_BODY = YES;
				CLANG_WARN_ENUM_CONVERSION = YES;
				CLANG_WARN_INFINITE_RECURSION = YES;
				CLANG_WARN_INT_CONVERSION = YES;
				CLANG_WARN_NON_LITERAL_NULL_CONVERSION = YES;
				CLANG_WARN_OBJC_IMPLICIT_RETAIN_SELF = YES;
				CLANG_WARN_OBJC_LITERAL_CONVERSION = YES;
				CLANG_WARN_OBJC_ROOT_CLASS = YES_ERROR;
				CLANG_WARN_QUOTED_INCLUDE_IN_FRAMEWORK_HEADER = YES;
				CLANG_WARN_RANGE_LOOP_ANALYSIS = YES;
				CLANG_WARN_STRICT_PROTOTYPES = YES;
				CLANG_WARN_SUSPICIOUS_MOVE = YES;
				CLANG_WARN_UNGUARDED_AVAILABILITY = YES_AGGRESSIVE;
				CLANG_WARN_UNREACHABLE_CODE = YES;
				CLANG_WARN__DUPLICATE_METHOD_MATCH = YES;
				COPY_PHASE_STRIP = NO;
				DEBUG_INFORMATION_FORMAT = "dwarf-with-dsym";
				ENABLE_NS_ASSERTIONS = NO;
				ENABLE_STRICT_OBJC_MSGSEND = YES;
				GCC_C_LANGUAGE_STANDARD = gnu11;
				GCC_NO_COMMON_BLOCKS = YES;
				GCC_WARN_64_TO_32_BIT_CONVERSION = YES;
				GCC_WARN_ABOUT_RETURN_TYPE = YES_ERROR;
				GCC_WARN_UNDECLARED_SELECTOR = YES;
				GCC_WARN_UNINITIALIZED_AUTOS = YES_AGGRESSIVE;
				GCC_WARN_UNUSED_FUNCTION = YES;
				GCC_WARN_UNUSED_VARIABLE = YES;
				MTL_ENABLE_DEBUG_INFO = NO;
				MTL_FAST_MATH = YES;
				SWIFT_COMPILATION_MODE = wholemodule;
				SWIFT_OPTIMIZATION_LEVEL = "-O";
			};
			name = Release;
		};
		ACF850A028E604D60053BE2F /* Debug */ = {
			isa = XCBuildConfiguration;
			buildSettings = {
				ASSETCATALOG_COMPILER_APPICON_NAME = AppIcon;
				ASSETCATALOG_COMPILER_GLOBAL_ACCENT_COLOR_NAME = AccentColor;
				CODE_SIGN_ENTITLEMENTS = ShoesMarket/ShoesMarket.entitlements;
				CODE_SIGN_STYLE = Automatic;
				CURRENT_PROJECT_VERSION = 1;
				DEVELOPMENT_ASSET_PATHS = "\"ShoesMarket/Preview Content\"";
				DEVELOPMENT_TEAM = 89WB9E7UEU;
				ENABLE_HARDENED_RUNTIME = YES;
				ENABLE_PREVIEWS = YES;
				GENERATE_INFOPLIST_FILE = YES;
				INFOPLIST_KEY_CFBundleDisplayName = "Кроссовки";
				INFOPLIST_KEY_LSApplicationCategoryType = "public.app-category.shopping";
				"INFOPLIST_KEY_UIApplicationSceneManifest_Generation[sdk=iphoneos*]" = YES;
				"INFOPLIST_KEY_UIApplicationSceneManifest_Generation[sdk=iphonesimulator*]" = YES;
				"INFOPLIST_KEY_UIApplicationSupportsIndirectInputEvents[sdk=iphoneos*]" = YES;
				"INFOPLIST_KEY_UIApplicationSupportsIndirectInputEvents[sdk=iphonesimulator*]" = YES;
				"INFOPLIST_KEY_UILaunchScreen_Generation[sdk=iphoneos*]" = YES;
				"INFOPLIST_KEY_UILaunchScreen_Generation[sdk=iphonesimulator*]" = YES;
				INFOPLIST_KEY_UIStatusBarStyle = "";
				"INFOPLIST_KEY_UIStatusBarStyle[sdk=iphoneos*]" = UIStatusBarStyleDefault;
				"INFOPLIST_KEY_UIStatusBarStyle[sdk=iphonesimulator*]" = UIStatusBarStyleDefault;
				INFOPLIST_KEY_UISupportedInterfaceOrientations = UIInterfaceOrientationPortrait;
				IPHONEOS_DEPLOYMENT_TARGET = 16.0;
				LD_RUNPATH_SEARCH_PATHS = "@executable_path/Frameworks";
				"LD_RUNPATH_SEARCH_PATHS[sdk=macosx*]" = "@executable_path/../Frameworks";
				MACOSX_DEPLOYMENT_TARGET = 12.3;
				MARKETING_VERSION = 1.0;
				PRODUCT_BUNDLE_IDENTIFIER = com.bitsoev.ShoesMarket;
				PRODUCT_NAME = "$(TARGET_NAME)";
				SDKROOT = auto;
				SUPPORTED_PLATFORMS = "iphoneos iphonesimulator";
				SUPPORTS_MACCATALYST = NO;
				SUPPORTS_MAC_DESIGNED_FOR_IPHONE_IPAD = NO;
				SWIFT_EMIT_LOC_STRINGS = YES;
				SWIFT_VERSION = 5.0;
				TARGETED_DEVICE_FAMILY = 1;
			};
			name = Debug;
		};
		ACF850A128E604D60053BE2F /* Release */ = {
			isa = XCBuildConfiguration;
			buildSettings = {
				ASSETCATALOG_COMPILER_APPICON_NAME = AppIcon;
				ASSETCATALOG_COMPILER_GLOBAL_ACCENT_COLOR_NAME = AccentColor;
				CODE_SIGN_ENTITLEMENTS = ShoesMarket/ShoesMarket.entitlements;
				CODE_SIGN_STYLE = Automatic;
				CURRENT_PROJECT_VERSION = 1;
				DEVELOPMENT_ASSET_PATHS = "\"ShoesMarket/Preview Content\"";
				DEVELOPMENT_TEAM = 89WB9E7UEU;
				ENABLE_HARDENED_RUNTIME = YES;
				ENABLE_PREVIEWS = YES;
				GENERATE_INFOPLIST_FILE = YES;
				INFOPLIST_KEY_CFBundleDisplayName = "Кроссовки";
				INFOPLIST_KEY_LSApplicationCategoryType = "public.app-category.shopping";
				"INFOPLIST_KEY_UIApplicationSceneManifest_Generation[sdk=iphoneos*]" = YES;
				"INFOPLIST_KEY_UIApplicationSceneManifest_Generation[sdk=iphonesimulator*]" = YES;
				"INFOPLIST_KEY_UIApplicationSupportsIndirectInputEvents[sdk=iphoneos*]" = YES;
				"INFOPLIST_KEY_UIApplicationSupportsIndirectInputEvents[sdk=iphonesimulator*]" = YES;
				"INFOPLIST_KEY_UILaunchScreen_Generation[sdk=iphoneos*]" = YES;
				"INFOPLIST_KEY_UILaunchScreen_Generation[sdk=iphonesimulator*]" = YES;
				INFOPLIST_KEY_UIStatusBarStyle = "";
				"INFOPLIST_KEY_UIStatusBarStyle[sdk=iphoneos*]" = UIStatusBarStyleDefault;
				"INFOPLIST_KEY_UIStatusBarStyle[sdk=iphonesimulator*]" = UIStatusBarStyleDefault;
				INFOPLIST_KEY_UISupportedInterfaceOrientations = UIInterfaceOrientationPortrait;
				IPHONEOS_DEPLOYMENT_TARGET = 16.0;
				LD_RUNPATH_SEARCH_PATHS = "@executable_path/Frameworks";
				"LD_RUNPATH_SEARCH_PATHS[sdk=macosx*]" = "@executable_path/../Frameworks";
				MACOSX_DEPLOYMENT_TARGET = 12.3;
				MARKETING_VERSION = 1.0;
				PRODUCT_BUNDLE_IDENTIFIER = com.bitsoev.ShoesMarket;
				PRODUCT_NAME = "$(TARGET_NAME)";
				SDKROOT = auto;
				SUPPORTED_PLATFORMS = "iphoneos iphonesimulator";
				SUPPORTS_MACCATALYST = NO;
				SUPPORTS_MAC_DESIGNED_FOR_IPHONE_IPAD = NO;
				SWIFT_EMIT_LOC_STRINGS = YES;
				SWIFT_VERSION = 5.0;
				TARGETED_DEVICE_FAMILY = 1;
			};
			name = Release;
		};
/* End XCBuildConfiguration section */

/* Begin XCConfigurationList section */
		ACF8508B28E604D50053BE2F /* Build configuration list for PBXProject "ShoesMarket" */ = {
			isa = XCConfigurationList;
			buildConfigurations = (
				ACF8509D28E604D60053BE2F /* Debug */,
				ACF8509E28E604D60053BE2F /* Release */,
			);
			defaultConfigurationIsVisible = 0;
			defaultConfigurationName = Release;
		};
		ACF8509F28E604D60053BE2F /* Build configuration list for PBXNativeTarget "ShoesMarket" */ = {
			isa = XCConfigurationList;
			buildConfigurations = (
				ACF850A028E604D60053BE2F /* Debug */,
				ACF850A128E604D60053BE2F /* Release */,
			);
			defaultConfigurationIsVisible = 0;
			defaultConfigurationName = Release;
		};
/* End XCConfigurationList section */

/* Begin XCRemoteSwiftPackageReference section */
		AC4412FE28EB907800DCBE2E /* XCRemoteSwiftPackageReference "ScrollViewProxy" */ = {
			isa = XCRemoteSwiftPackageReference;
			repositoryURL = "https://github.com/Amzd/ScrollViewProxy";
			requirement = {
				kind = upToNextMajorVersion;
				minimumVersion = 1.0.0;
			};
		};
		AC441EE528F53F430050C57F /* XCRemoteSwiftPackageReference "ColorKit" */ = {
			isa = XCRemoteSwiftPackageReference;
			repositoryURL = "https://github.com/Boris-Em/ColorKit.git";
			requirement = {
				branch = master;
				kind = branch;
			};
		};
/* End XCRemoteSwiftPackageReference section */

/* Begin XCSwiftPackageProductDependency section */
		AC4412FF28EB907800DCBE2E /* ScrollViewProxy */ = {
			isa = XCSwiftPackageProductDependency;
			package = AC4412FE28EB907800DCBE2E /* XCRemoteSwiftPackageReference "ScrollViewProxy" */;
			productName = ScrollViewProxy;
		};
		AC441EE628F53F430050C57F /* ColorKit */ = {
			isa = XCSwiftPackageProductDependency;
			package = AC441EE528F53F430050C57F /* XCRemoteSwiftPackageReference "ColorKit" */;
			productName = ColorKit;
		};
/* End XCSwiftPackageProductDependency section */
	};
	rootObject = ACF8508828E604D50053BE2F /* Project object */;
}
